
Microsoft Visual Studio Solution File, Format Version 12.00
# Visual Studio 14
VisualStudioVersion = 14.0.25420.1
MinimumVisualStudioVersion = 10.0.40219.1
Project("{FAE04EC0-301F-11D3-BF4B-00C04F79EFBC}") = "LinkParser", "LinkParser\LinkParser.csproj", "{9D8C46D9-8017-4965-8D90-2423558D01C8}"
EndProject
Project("{FAE04EC0-301F-11D3-BF4B-00C04F79EFBC}") = "LinkParserAnother.Test", "LinkParserAnother.Test\LinkParserAnother.Test.csproj", "{3425CEE6-95E6-400D-8EC5-2B4B6688F8E5}"
EndProject
Global
	GlobalSection(SolutionConfigurationPlatforms) = preSolution
		Debug|Any CPU = Debug|Any CPU
		Release|Any CPU = Release|Any CPU
	EndGlobalSection
	GlobalSection(ProjectConfigurationPlatforms) = postSolution
		{9D8C46D9-8017-4965-8D90-2423558D01C8}.Debug|Any CPU.ActiveCfg = Debug|Any CPU
		{9D8C46D9-8017-4965-8D90-2423558D01C8}.Debug|Any CPU.Build.0 = Debug|Any CPU
		{9D8C46D9-8017-4965-8D90-2423558D01C8}.Release|Any CPU.ActiveCfg = Release|Any CPU
		{9D8C46D9-8017-4965-8D90-2423558D01C8}.Release|Any CPU.Build.0 = Release|Any CPU
		{3425CEE6-95E6-400D-8EC5-2B4B6688F8E5}.Debug|Any CPU.ActiveCfg = Debug|Any CPU
		{3425CEE6-95E6-400D-8EC5-2B4B6688F8E5}.Debug|Any CPU.Build.0 = Debug|Any CPU
		{3425CEE6-95E6-400D-8EC5-2B4B6688F8E5}.Release|Any CPU.ActiveCfg = Release|Any CPU
		{3425CEE6-95E6-400D-8EC5-2B4B6688F8E5}.Release|Any CPU.Build.0 = Release|Any CPU
	EndGlobalSection
	GlobalSection(SolutionProperties) = preSolution
		HideSolutionNode = FALSE
	EndGlobalSection
	GlobalSection(TeamFoundationVersionControl) = preSolution
		SccNumberOfProjects = 3
		SccEnterpriseProvider = {4CA58AB2-18FA-4F8D-95D4-32DDF27D184C}
		SccTeamFoundationServer = http://dev-tfs:8080/tfs/studentprojects
		SccLocalPath0 = .
		SccProjectUniqueName1 = LinkParser\\LinkParser.csproj
		SccProjectName1 = LinkParser
		SccLocalPath1 = LinkParser
		SccProjectUniqueName2 = LinkParserAnother.Test\\LinkParserAnother.Test.csproj
		SccProjectName2 = LinkParserAnother.Test
		SccLocalPath2 = LinkParserAnother.Test
	EndGlobalSection
EndGlobal
